
Microsoft Visual Studio Solution File, Format Version 9.00
# Visual Studio 2005
Project("{8BC9CEB8-8B4A-11D0-8D11-00A0C91BC942}") = "2d_gaming", "2d_gaming\2d_gaming.vcproj", "{A8B62CD7-1768-4C80-9AD9-087FF80D8C29}"
EndProject
Global
	GlobalSection(SolutionConfigurationPlatforms) = preSolution
		Debug|Win32 = Debug|Win32
		Release|Win32 = Release|Win32
	EndGlobalSection
	GlobalSection(ProjectConfigurationPlatforms) = postSolution
		{A8B62CD7-1768-4C80-9AD9-087FF80D8C29}.Debug|Win32.ActiveCfg = Debug|Win32
		{A8B62CD7-1768-4C80-9AD9-087FF80D8C29}.Debug|Win32.Build.0 = Debug|Win32
		{A8B62CD7-1768-4C80-9AD9-087FF80D8C29}.Release|Win32.ActiveCfg = Release|Win32
		{A8B62CD7-1768-4C80-9AD9-087FF80D8C29}.Release|Win32.Build.0 = Release|Win32
	EndGlobalSection
	GlobalSection(SolutionProperties) = preSolution
		HideSolutionNode = FALSE
	EndGlobalSection
EndGlobal
